
Microsoft Visual Studio Solution File, Format Version 12.00
# Visual Studio Version 16
VisualStudioVersion = 16.0.30114.105
MinimumVisualStudioVersion = 10.0.40219.1
Project("{FAE04EC0-301F-11D3-BF4B-00C04F79EFBC}") = "Lab7", "Lab7\Lab7.csproj", "{EA29AA9C-C110-4ACC-9E39-2312154AC1CB}"
EndProject
Global
	GlobalSection(SolutionConfigurationPlatforms) = preSolution
		Debug|Any CPU = Debug|Any CPU
		Release|Any CPU = Release|Any CPU
	EndGlobalSection
	GlobalSection(ProjectConfigurationPlatforms) = postSolution
		{EA29AA9C-C110-4ACC-9E39-2312154AC1CB}.Debug|Any CPU.ActiveCfg = Debug|Any CPU
		{EA29AA9C-C110-4ACC-9E39-2312154AC1CB}.Debug|Any CPU.Build.0 = Debug|Any CPU
		{EA29AA9C-C110-4ACC-9E39-2312154AC1CB}.Release|Any CPU.ActiveCfg = Release|Any CPU
		{EA29AA9C-C110-4ACC-9E39-2312154AC1CB}.Release|Any CPU.Build.0 = Release|Any CPU
	EndGlobalSection
	GlobalSection(SolutionProperties) = preSolution
		HideSolutionNode = FALSE
	EndGlobalSection
	GlobalSection(ExtensibilityGlobals) = postSolution
		SolutionGuid = {D582BAB2-26B7-4D91-B1CC-92137515AB5B}
	EndGlobalSection
EndGlobal
